
Microsoft Visual Studio Solution File, Format Version 12.00
# Visual Studio Version 17
VisualStudioVersion = 17.8.34309.116
MinimumVisualStudioVersion = 10.0.40219.1
Project("{2150E333-8FDC-42A3-9474-1A3956D46DE8}") = "FirstDemoApp", "FirstDemoApp", "{65B41021-66A4-4013-B828-CD169985FFF4}"
EndProject
Project("{2150E333-8FDC-42A3-9474-1A3956D46DE8}") = "SecondDemoApp", "SecondDemoApp", "{9AA79EC9-650C-4C9E-AE60-DDB690F46D1D}"
EndProject
Project("{2150E333-8FDC-42A3-9474-1A3956D46DE8}") = "ThirdDemoApp", "ThirdDemoApp", "{CCB1EB3E-5B3F-49A5-84CF-0D0543FDBAE3}"
EndProject
Project("{FAE04EC0-301F-11D3-BF4B-00C04F79EFBC}") = "FirstDemoApi", "FirstDemoApp\FirstDemoApi\FirstDemoApi.csproj", "{1B8E30AD-A498-4B11-BC85-FEC5EE06CC30}"
EndProject
Project("{FAE04EC0-301F-11D3-BF4B-00C04F79EFBC}") = "FirstDemoClassone", "FirstDemoApp\FirstDemoClassone\FirstDemoClassone.csproj", "{2880249C-A6C0-4FCB-BA20-E3452B702D48}"
EndProject
Project("{FAE04EC0-301F-11D3-BF4B-00C04F79EFBC}") = "FirstDemoClasstwo", "FirstDemoApp\FirstDemoClasstwo\FirstDemoClasstwo.csproj", "{7D87950C-E033-4910-8322-CE37FA852E85}"
EndProject
Project("{FAE04EC0-301F-11D3-BF4B-00C04F79EFBC}") = "FirstDemoClassthree", "FirstDemoApp\FirstDemoClassthree\FirstDemoClassthree.csproj", "{A9A1AFA4-34A2-4486-8AE5-2CB7B5CD51D7}"
EndProject
Project("{FAE04EC0-301F-11D3-BF4B-00C04F79EFBC}") = "SecondDemoApi", "SecondDemoApp\SecondDemoApi\SecondDemoApi.csproj", "{38D7F390-D88E-4CB6-816F-6E41ADF461F1}"
EndProject
Project("{2150E333-8FDC-42A3-9474-1A3956D46DE8}") = "FourthDemoApp", "FourthDemoApp", "{344D37FD-D234-47CF-8D72-FEF4790D8D58}"
EndProject
Project("{FAE04EC0-301F-11D3-BF4B-00C04F79EFBC}") = "SecondDemoClassone", "SecondDemoApp\SecondDemoClassone\SecondDemoClassone.csproj", "{F8EE0B7E-9958-4C8A-9890-DE0943B3AFFF}"
EndProject
Project("{FAE04EC0-301F-11D3-BF4B-00C04F79EFBC}") = "SecondDemoClasstwo", "SecondDemoApp\SecondDemoClasstwo\SecondDemoClasstwo.csproj", "{6C02A520-D2DA-4E02-9CC3-391B92011797}"
EndProject
Project("{FAE04EC0-301F-11D3-BF4B-00C04F79EFBC}") = "SecondDemoClassthree", "SecondDemoApp\SecondDemoClassthree\SecondDemoClassthree.csproj", "{B51A02AE-2C8A-4163-8D81-3724E1DA0A2E}"
EndProject
Project("{FAE04EC0-301F-11D3-BF4B-00C04F79EFBC}") = "ThirdDemoAPI", "ThirdDemoApp\ThirdDemoAPI\ThirdDemoAPI.csproj", "{8FEEE59D-B9E0-4CFA-B5F2-375E43FEB241}"
EndProject
Project("{FAE04EC0-301F-11D3-BF4B-00C04F79EFBC}") = "ThirdDemoClassone", "ThirdDemoApp\ThirdDemoClassone\ThirdDemoClassone.csproj", "{0FB7604C-34B5-47A6-AA33-7DBB307FBB08}"
EndProject
Project("{FAE04EC0-301F-11D3-BF4B-00C04F79EFBC}") = "ThirdDemoClasstwo", "ThirdDemoApp\ThirdDemoClasstwo\ThirdDemoClasstwo.csproj", "{0CBDE413-67A9-469A-A371-9BA6F71A6010}"
EndProject
Project("{FAE04EC0-301F-11D3-BF4B-00C04F79EFBC}") = "ThirdDemoClassthree", "ThirdDemoApp\ThirdDemoClassthree\ThirdDemoClassthree.csproj", "{56B0DAFB-4429-455A-AD0D-138458F951B4}"
EndProject
Project("{FAE04EC0-301F-11D3-BF4B-00C04F79EFBC}") = "FourthDemoAPI", "FourthDemoApp\FourthDemoAPI\FourthDemoAPI.csproj", "{2C37CF9B-A982-485F-874D-AB501ABF2F59}"
EndProject
Project("{FAE04EC0-301F-11D3-BF4B-00C04F79EFBC}") = "FourthDemoClassone", "FourthDemoApp\FourthDemoClassone\FourthDemoClassone.csproj", "{9D9A0CA2-304E-4DC6-8FD9-2AA3EDDC77E1}"
EndProject
Project("{FAE04EC0-301F-11D3-BF4B-00C04F79EFBC}") = "FourthDemoClasstwo", "FourthDemoApp\FourthDemoClasstwo\FourthDemoClasstwo.csproj", "{E84F9262-676F-43C3-9B1C-7D62FC877845}"
EndProject
Project("{FAE04EC0-301F-11D3-BF4B-00C04F79EFBC}") = "FourthDemoClassthree", "FourthDemoApp\FourthDemoClassthree\FourthDemoClassthree.csproj", "{9F211720-534E-4456-8576-D0D9348C7D71}"
EndProject
Project("{E53339B2-1760-4266-BCC7-CA923CBCF16C}") = "docker-compose", "docker-compose.dcproj", "{BA95B3EF-7EC5-434F-87E8-A09C25CF5A33}"
EndProject
Global
	GlobalSection(SolutionConfigurationPlatforms) = preSolution
		Debug|Any CPU = Debug|Any CPU
		Release|Any CPU = Release|Any CPU
	EndGlobalSection
	GlobalSection(ProjectConfigurationPlatforms) = postSolution
		{1B8E30AD-A498-4B11-BC85-FEC5EE06CC30}.Debug|Any CPU.ActiveCfg = Debug|Any CPU
		{1B8E30AD-A498-4B11-BC85-FEC5EE06CC30}.Debug|Any CPU.Build.0 = Debug|Any CPU
		{1B8E30AD-A498-4B11-BC85-FEC5EE06CC30}.Release|Any CPU.ActiveCfg = Release|Any CPU
		{1B8E30AD-A498-4B11-BC85-FEC5EE06CC30}.Release|Any CPU.Build.0 = Release|Any CPU
		{2880249C-A6C0-4FCB-BA20-E3452B702D48}.Debug|Any CPU.ActiveCfg = Debug|Any CPU
		{2880249C-A6C0-4FCB-BA20-E3452B702D48}.Debug|Any CPU.Build.0 = Debug|Any CPU
		{2880249C-A6C0-4FCB-BA20-E3452B702D48}.Release|Any CPU.ActiveCfg = Release|Any CPU
		{2880249C-A6C0-4FCB-BA20-E3452B702D48}.Release|Any CPU.Build.0 = Release|Any CPU
		{7D87950C-E033-4910-8322-CE37FA852E85}.Debug|Any CPU.ActiveCfg = Debug|Any CPU
		{7D87950C-E033-4910-8322-CE37FA852E85}.Debug|Any CPU.Build.0 = Debug|Any CPU
		{7D87950C-E033-4910-8322-CE37FA852E85}.Release|Any CPU.ActiveCfg = Release|Any CPU
		{7D87950C-E033-4910-8322-CE37FA852E85}.Release|Any CPU.Build.0 = Release|Any CPU
		{A9A1AFA4-34A2-4486-8AE5-2CB7B5CD51D7}.Debug|Any CPU.ActiveCfg = Debug|Any CPU
		{A9A1AFA4-34A2-4486-8AE5-2CB7B5CD51D7}.Debug|Any CPU.Build.0 = Debug|Any CPU
		{A9A1AFA4-34A2-4486-8AE5-2CB7B5CD51D7}.Release|Any CPU.ActiveCfg = Release|Any CPU
		{A9A1AFA4-34A2-4486-8AE5-2CB7B5CD51D7}.Release|Any CPU.Build.0 = Release|Any CPU
		{38D7F390-D88E-4CB6-816F-6E41ADF461F1}.Debug|Any CPU.ActiveCfg = Debug|Any CPU
		{38D7F390-D88E-4CB6-816F-6E41ADF461F1}.Debug|Any CPU.Build.0 = Debug|Any CPU
		{38D7F390-D88E-4CB6-816F-6E41ADF461F1}.Release|Any CPU.ActiveCfg = Release|Any CPU
		{38D7F390-D88E-4CB6-816F-6E41ADF461F1}.Release|Any CPU.Build.0 = Release|Any CPU
		{F8EE0B7E-9958-4C8A-9890-DE0943B3AFFF}.Debug|Any CPU.ActiveCfg = Debug|Any CPU
		{F8EE0B7E-9958-4C8A-9890-DE0943B3AFFF}.Debug|Any CPU.Build.0 = Debug|Any CPU
		{F8EE0B7E-9958-4C8A-9890-DE0943B3AFFF}.Release|Any CPU.ActiveCfg = Release|Any CPU
		{F8EE0B7E-9958-4C8A-9890-DE0943B3AFFF}.Release|Any CPU.Build.0 = Release|Any CPU
		{6C02A520-D2DA-4E02-9CC3-391B92011797}.Debug|Any CPU.ActiveCfg = Debug|Any CPU
		{6C02A520-D2DA-4E02-9CC3-391B92011797}.Debug|Any CPU.Build.0 = Debug|Any CPU
		{6C02A520-D2DA-4E02-9CC3-391B92011797}.Release|Any CPU.ActiveCfg = Release|Any CPU
		{6C02A520-D2DA-4E02-9CC3-391B92011797}.Release|Any CPU.Build.0 = Release|Any CPU
		{B51A02AE-2C8A-4163-8D81-3724E1DA0A2E}.Debug|Any CPU.ActiveCfg = Debug|Any CPU
		{B51A02AE-2C8A-4163-8D81-3724E1DA0A2E}.Debug|Any CPU.Build.0 = Debug|Any CPU
		{B51A02AE-2C8A-4163-8D81-3724E1DA0A2E}.Release|Any CPU.ActiveCfg = Release|Any CPU
		{B51A02AE-2C8A-4163-8D81-3724E1DA0A2E}.Release|Any CPU.Build.0 = Release|Any CPU
		{8FEEE59D-B9E0-4CFA-B5F2-375E43FEB241}.Debug|Any CPU.ActiveCfg = Debug|Any CPU
		{8FEEE59D-B9E0-4CFA-B5F2-375E43FEB241}.Debug|Any CPU.Build.0 = Debug|Any CPU
		{8FEEE59D-B9E0-4CFA-B5F2-375E43FEB241}.Release|Any CPU.ActiveCfg = Release|Any CPU
		{8FEEE59D-B9E0-4CFA-B5F2-375E43FEB241}.Release|Any CPU.Build.0 = Release|Any CPU
		{0FB7604C-34B5-47A6-AA33-7DBB307FBB08}.Debug|Any CPU.ActiveCfg = Debug|Any CPU
		{0FB7604C-34B5-47A6-AA33-7DBB307FBB08}.Debug|Any CPU.Build.0 = Debug|Any CPU
		{0FB7604C-34B5-47A6-AA33-7DBB307FBB08}.Release|Any CPU.ActiveCfg = Release|Any CPU
		{0FB7604C-34B5-47A6-AA33-7DBB307FBB08}.Release|Any CPU.Build.0 = Release|Any CPU
		{0CBDE413-67A9-469A-A371-9BA6F71A6010}.Debug|Any CPU.ActiveCfg = Debug|Any CPU
		{0CBDE413-67A9-469A-A371-9BA6F71A6010}.Debug|Any CPU.Build.0 = Debug|Any CPU
		{0CBDE413-67A9-469A-A371-9BA6F71A6010}.Release|Any CPU.ActiveCfg = Release|Any CPU
		{0CBDE413-67A9-469A-A371-9BA6F71A6010}.Release|Any CPU.Build.0 = Release|Any CPU
		{56B0DAFB-4429-455A-AD0D-138458F951B4}.Debug|Any CPU.ActiveCfg = Debug|Any CPU
		{56B0DAFB-4429-455A-AD0D-138458F951B4}.Debug|Any CPU.Build.0 = Debug|Any CPU
		{56B0DAFB-4429-455A-AD0D-138458F951B4}.Release|Any CPU.ActiveCfg = Release|Any CPU
		{56B0DAFB-4429-455A-AD0D-138458F951B4}.Release|Any CPU.Build.0 = Release|Any CPU
		{2C37CF9B-A982-485F-874D-AB501ABF2F59}.Debug|Any CPU.ActiveCfg = Debug|Any CPU
		{2C37CF9B-A982-485F-874D-AB501ABF2F59}.Debug|Any CPU.Build.0 = Debug|Any CPU
		{2C37CF9B-A982-485F-874D-AB501ABF2F59}.Release|Any CPU.ActiveCfg = Release|Any CPU
		{2C37CF9B-A982-485F-874D-AB501ABF2F59}.Release|Any CPU.Build.0 = Release|Any CPU
		{9D9A0CA2-304E-4DC6-8FD9-2AA3EDDC77E1}.Debug|Any CPU.ActiveCfg = Debug|Any CPU
		{9D9A0CA2-304E-4DC6-8FD9-2AA3EDDC77E1}.Debug|Any CPU.Build.0 = Debug|Any CPU
		{9D9A0CA2-304E-4DC6-8FD9-2AA3EDDC77E1}.Release|Any CPU.ActiveCfg = Release|Any CPU
		{9D9A0CA2-304E-4DC6-8FD9-2AA3EDDC77E1}.Release|Any CPU.Build.0 = Release|Any CPU
		{E84F9262-676F-43C3-9B1C-7D62FC877845}.Debug|Any CPU.ActiveCfg = Debug|Any CPU
		{E84F9262-676F-43C3-9B1C-7D62FC877845}.Debug|Any CPU.Build.0 = Debug|Any CPU
		{E84F9262-676F-43C3-9B1C-7D62FC877845}.Release|Any CPU.ActiveCfg = Release|Any CPU
		{E84F9262-676F-43C3-9B1C-7D62FC877845}.Release|Any CPU.Build.0 = Release|Any CPU
		{9F211720-534E-4456-8576-D0D9348C7D71}.Debug|Any CPU.ActiveCfg = Debug|Any CPU
		{9F211720-534E-4456-8576-D0D9348C7D71}.Debug|Any CPU.Build.0 = Debug|Any CPU
		{9F211720-534E-4456-8576-D0D9348C7D71}.Release|Any CPU.ActiveCfg = Release|Any CPU
		{9F211720-534E-4456-8576-D0D9348C7D71}.Release|Any CPU.Build.0 = Release|Any CPU
		{BA95B3EF-7EC5-434F-87E8-A09C25CF5A33}.Debug|Any CPU.ActiveCfg = Debug|Any CPU
		{BA95B3EF-7EC5-434F-87E8-A09C25CF5A33}.Debug|Any CPU.Build.0 = Debug|Any CPU
		{BA95B3EF-7EC5-434F-87E8-A09C25CF5A33}.Release|Any CPU.ActiveCfg = Release|Any CPU
		{BA95B3EF-7EC5-434F-87E8-A09C25CF5A33}.Release|Any CPU.Build.0 = Release|Any CPU
	EndGlobalSection
	GlobalSection(SolutionProperties) = preSolution
		HideSolutionNode = FALSE
	EndGlobalSection
	GlobalSection(NestedProjects) = preSolution
		{1B8E30AD-A498-4B11-BC85-FEC5EE06CC30} = {65B41021-66A4-4013-B828-CD169985FFF4}
		{2880249C-A6C0-4FCB-BA20-E3452B702D48} = {65B41021-66A4-4013-B828-CD169985FFF4}
		{7D87950C-E033-4910-8322-CE37FA852E85} = {65B41021-66A4-4013-B828-CD169985FFF4}
		{A9A1AFA4-34A2-4486-8AE5-2CB7B5CD51D7} = {65B41021-66A4-4013-B828-CD169985FFF4}
		{38D7F390-D88E-4CB6-816F-6E41ADF461F1} = {9AA79EC9-650C-4C9E-AE60-DDB690F46D1D}
		{F8EE0B7E-9958-4C8A-9890-DE0943B3AFFF} = {9AA79EC9-650C-4C9E-AE60-DDB690F46D1D}
		{6C02A520-D2DA-4E02-9CC3-391B92011797} = {9AA79EC9-650C-4C9E-AE60-DDB690F46D1D}
		{B51A02AE-2C8A-4163-8D81-3724E1DA0A2E} = {9AA79EC9-650C-4C9E-AE60-DDB690F46D1D}
		{8FEEE59D-B9E0-4CFA-B5F2-375E43FEB241} = {CCB1EB3E-5B3F-49A5-84CF-0D0543FDBAE3}
		{0FB7604C-34B5-47A6-AA33-7DBB307FBB08} = {CCB1EB3E-5B3F-49A5-84CF-0D0543FDBAE3}
		{0CBDE413-67A9-469A-A371-9BA6F71A6010} = {CCB1EB3E-5B3F-49A5-84CF-0D0543FDBAE3}
		{56B0DAFB-4429-455A-AD0D-138458F951B4} = {CCB1EB3E-5B3F-49A5-84CF-0D0543FDBAE3}
		{2C37CF9B-A982-485F-874D-AB501ABF2F59} = {344D37FD-D234-47CF-8D72-FEF4790D8D58}
		{9D9A0CA2-304E-4DC6-8FD9-2AA3EDDC77E1} = {344D37FD-D234-47CF-8D72-FEF4790D8D58}
		{E84F9262-676F-43C3-9B1C-7D62FC877845} = {344D37FD-D234-47CF-8D72-FEF4790D8D58}
		{9F211720-534E-4456-8576-D0D9348C7D71} = {344D37FD-D234-47CF-8D72-FEF4790D8D58}
	EndGlobalSection
	GlobalSection(ExtensibilityGlobals) = postSolution
		SolutionGuid = {3AEC6E5D-4991-46B5-BE9A-AA7A35C128F0}
	EndGlobalSection
EndGlobal
